// !$*UTF8*$!
{
	archiveVersion = 1;
	classes = {
	};
	objectVersion = 46;
	objects = {

/* Begin PBXBuildFile section */
		52F26D041B6D384B005D0684 /* main.m in Sources */ = {isa = PBXBuildFile; fileRef = 52F26D031B6D384B005D0684 /* main.m */; };
		52F26D071B6D384B005D0684 /* AppDelegate.m in Sources */ = {isa = PBXBuildFile; fileRef = 52F26D061B6D384B005D0684 /* AppDelegate.m */; };
		52F26D0A1B6D384B005D0684 /* ViewController.m in Sources */ = {isa = PBXBuildFile; fileRef = 52F26D091B6D384B005D0684 /* ViewController.m */; };
		52F26D0D1B6D384B005D0684 /* Main.storyboard in Resources */ = {isa = PBXBuildFile; fileRef = 52F26D0B1B6D384B005D0684 /* Main.storyboard */; };
		52F26D0F1B6D384B005D0684 /* Images.xcassets in Resources */ = {isa = PBXBuildFile; fileRef = 52F26D0E1B6D384B005D0684 /* Images.xcassets */; };
		52F26D121B6D384B005D0684 /* LaunchScreen.xib in Resources */ = {isa = PBXBuildFile; fileRef = 52F26D101B6D384B005D0684 /* LaunchScreen.xib */; };
		52F26D1E1B6D384B005D0684 /* ReserveAppTests.m in Sources */ = {isa = PBXBuildFile; fileRef = 52F26D1D1B6D384B005D0684 /* ReserveAppTests.m */; };
		52F26D291B6D39AD005D0684 /* LocationService.m in Sources */ = {isa = PBXBuildFile; fileRef = 52F26D281B6D39AD005D0684 /* LocationService.m */; };
/* End PBXBuildFile section */

/* Begin PBXContainerItemProxy section */
		52F26D181B6D384B005D0684 /* PBXContainerItemProxy */ = {
			isa = PBXContainerItemProxy;
			containerPortal = 52F26CF61B6D384B005D0684 /* Project object */;
			proxyType = 1;
			remoteGlobalIDString = 52F26CFD1B6D384B005D0684;
			remoteInfo = ReserveApp;
		};
/* End PBXContainerItemProxy section */

/* Begin PBXFileReference section */
		52F26CFE1B6D384B005D0684 /* ReserveApp.app */ = {isa = PBXFileReference; explicitFileType = wrapper.application; includeInIndex = 0; path = ReserveApp.app; sourceTree = BUILT_PRODUCTS_DIR; };
		52F26D021B6D384B005D0684 /* Info.plist */ = {isa = PBXFileReference; lastKnownFileType = text.plist.xml; path = Info.plist; sourceTree = "<group>"; };
		52F26D031B6D384B005D0684 /* main.m */ = {isa = PBXFileReference; lastKnownFileType = sourcecode.c.objc; path = main.m; sourceTree = "<group>"; };
		52F26D051B6D384B005D0684 /* AppDelegate.h */ = {isa = PBXFileReference; lastKnownFileType = sourcecode.c.h; path = AppDelegate.h; sourceTree = "<group>"; };
		52F26D061B6D384B005D0684 /* AppDelegate.m */ = {isa = PBXFileReference; lastKnownFileType = sourcecode.c.objc; path = AppDelegate.m; sourceTree = "<group>"; };
		52F26D081B6D384B005D0684 /* ViewController.h */ = {isa = PBXFileReference; lastKnownFileType = sourcecode.c.h; path = ViewController.h; sourceTree = "<group>"; };
		52F26D091B6D384B005D0684 /* ViewController.m */ = {isa = PBXFileReference; lastKnownFileType = sourcecode.c.objc; path = ViewController.m; sourceTree = "<group>"; };
		52F26D0C1B6D384B005D0684 /* Base */ = {isa = PBXFileReference; lastKnownFileType = file.storyboard; name = Base; path = Base.lproj/Main.storyboard; sourceTree = "<group>"; };
		52F26D0E1B6D384B005D0684 /* Images.xcassets */ = {isa = PBXFileReference; lastKnownFileType = folder.assetcatalog; path = Images.xcassets; sourceTree = "<group>"; };
		52F26D111B6D384B005D0684 /* Base */ = {isa = PBXFileReference; lastKnownFileType = file.xib; name = Base; path = Base.lproj/LaunchScreen.xib; sourceTree = "<group>"; };
		52F26D171B6D384B005D0684 /* ReserveAppTests.xctest */ = {isa = PBXFileReference; explicitFileType = wrapper.cfbundle; includeInIndex = 0; path = ReserveAppTests.xctest; sourceTree = BUILT_PRODUCTS_DIR; };
		52F26D1C1B6D384B005D0684 /* Info.plist */ = {isa = PBXFileReference; lastKnownFileType = text.plist.xml; path = Info.plist; sourceTree = "<group>"; };
		52F26D1D1B6D384B005D0684 /* ReserveAppTests.m */ = {isa = PBXFileReference; lastKnownFileType = sourcecode.c.objc; path = ReserveAppTests.m; sourceTree = "<group>"; };
		52F26D271B6D39AD005D0684 /* LocationService.h */ = {isa = PBXFileReference; fileEncoding = 4; lastKnownFileType = sourcecode.c.h; path = LocationService.h; sourceTree = "<group>"; };
		52F26D281B6D39AD005D0684 /* LocationService.m */ = {isa = PBXFileReference; fileEncoding = 4; lastKnownFileType = sourcecode.c.objc; path = LocationService.m; sourceTree = "<group>"; };
/* End PBXFileReference section */

/* Begin PBXFrameworksBuildPhase section */
		52F26CFB1B6D384B005D0684 /* Frameworks */ = {
			isa = PBXFrameworksBuildPhase;
			buildActionMask = 2147483647;
			files = (
			);
			runOnlyForDeploymentPostprocessing = 0;
		};
		52F26D141B6D384B005D0684 /* Frameworks */ = {
			isa = PBXFrameworksBuildPhase;
			buildActionMask = 2147483647;
			files = (
			);
			runOnlyForDeploymentPostprocessing = 0;
		};
/* End PBXFrameworksBuildPhase section */

/* Begin PBXGroup section */
		52F26CF51B6D384B005D0684 = {
			isa = PBXGroup;
			children = (
				52F26D001B6D384B005D0684 /* ReserveApp */,
				52F26D1A1B6D384B005D0684 /* ReserveAppTests */,
				52F26CFF1B6D384B005D0684 /* Products */,
			);
			sourceTree = "<group>";
		};
		52F26CFF1B6D384B005D0684 /* Products */ = {
			isa = PBXGroup;
			children = (
				52F26CFE1B6D384B005D0684 /* ReserveApp.app */,
				52F26D171B6D384B005D0684 /* ReserveAppTests.xctest */,
			);
			name = Products;
			sourceTree = "<group>";
		};
		52F26D001B6D384B005D0684 /* ReserveApp */ = {
			isa = PBXGroup;
			children = (
				52F26D051B6D384B005D0684 /* AppDelegate.h */,
				52F26D061B6D384B005D0684 /* AppDelegate.m */,
				52F26D081B6D384B005D0684 /* ViewController.h */,
				52F26D091B6D384B005D0684 /* ViewController.m */,
				52F26D271B6D39AD005D0684 /* LocationService.h */,
				52F26D281B6D39AD005D0684 /* LocationService.m */,
				52F26D0B1B6D384B005D0684 /* Main.storyboard */,
				52F26D0E1B6D384B005D0684 /* Images.xcassets */,
				52F26D101B6D384B005D0684 /* LaunchScreen.xib */,
				52F26D011B6D384B005D0684 /* Supporting Files */,
			);
			path = ReserveApp;
			sourceTree = "<group>";
		};
		52F26D011B6D384B005D0684 /* Supporting Files */ = {
			isa = PBXGroup;
			children = (
				52F26D021B6D384B005D0684 /* Info.plist */,
				52F26D031B6D384B005D0684 /* main.m */,
			);
			name = "Supporting Files";
			sourceTree = "<group>";
		};
		52F26D1A1B6D384B005D0684 /* ReserveAppTests */ = {
			isa = PBXGroup;
			children = (
				52F26D1D1B6D384B005D0684 /* ReserveAppTests.m */,
				52F26D1B1B6D384B005D0684 /* Supporting Files */,
			);
			path = ReserveAppTests;
			sourceTree = "<group>";
		};
		52F26D1B1B6D384B005D0684 /* Supporting Files */ = {
			isa = PBXGroup;
			children = (
				52F26D1C1B6D384B005D0684 /* Info.plist */,
			);
			name = "Supporting Files";
			sourceTree = "<group>";
		};
/* End PBXGroup section */

/* Begin PBXNativeTarget section */
		52F26CFD1B6D384B005D0684 /* ReserveApp */ = {
			isa = PBXNativeTarget;
			buildConfigurationList = 52F26D211B6D384B005D0684 /* Build configuration list for PBXNativeTarget "ReserveApp" */;
			buildPhases = (
				52F26CFA1B6D384B005D0684 /* Sources */,
				52F26CFB1B6D384B005D0684 /* Frameworks */,
				52F26CFC1B6D384B005D0684 /* Resources */,
			);
			buildRules = (
			);
			dependencies = (
			);
			name = ReserveApp;
			productName = ReserveApp;
			productReference = 52F26CFE1B6D384B005D0684 /* ReserveApp.app */;
			productType = "com.apple.product-type.application";
		};
		52F26D161B6D384B005D0684 /* ReserveAppTests */ = {
			isa = PBXNativeTarget;
			buildConfigurationList = 52F26D241B6D384B005D0684 /* Build configuration list for PBXNativeTarget "ReserveAppTests" */;
			buildPhases = (
				52F26D131B6D384B005D0684 /* Sources */,
				52F26D141B6D384B005D0684 /* Frameworks */,
				52F26D151B6D384B005D0684 /* Resources */,
			);
			buildRules = (
			);
			dependencies = (
				52F26D191B6D384B005D0684 /* PBXTargetDependency */,
			);
			name = ReserveAppTests;
			productName = ReserveAppTests;
			productReference = 52F26D171B6D384B005D0684 /* ReserveAppTests.xctest */;
			productType = "com.apple.product-type.bundle.unit-test";
		};
/* End PBXNativeTarget section */

/* Begin PBXProject section */
		52F26CF61B6D384B005D0684 /* Project object */ = {
			isa = PBXProject;
			attributes = {
				LastUpgradeCheck = 0640;
				ORGANIZATIONNAME = "John Bogil";
				TargetAttributes = {
					52F26CFD1B6D384B005D0684 = {
						CreatedOnToolsVersion = 6.4;
					};
					52F26D161B6D384B005D0684 = {
						CreatedOnToolsVersion = 6.4;
						TestTargetID = 52F26CFD1B6D384B005D0684;
					};
				};
			};
			buildConfigurationList = 52F26CF91B6D384B005D0684 /* Build configuration list for PBXProject "ReserveApp" */;
			compatibilityVersion = "Xcode 3.2";
			developmentRegion = English;
			hasScannedForEncodings = 0;
			knownRegions = (
				en,
				Base,
			);
			mainGroup = 52F26CF51B6D384B005D0684;
			productRefGroup = 52F26CFF1B6D384B005D0684 /* Products */;
			projectDirPath = "";
			projectRoot = "";
			targets = (
				52F26CFD1B6D384B005D0684 /* ReserveApp */,
				52F26D161B6D384B005D0684 /* ReserveAppTests */,
			);
		};
/* End PBXProject section */

/* Begin PBXResourcesBuildPhase section */
		52F26CFC1B6D384B005D0684 /* Resources */ = {
			isa = PBXResourcesBuildPhase;
			buildActionMask = 2147483647;
			files = (
				52F26D0D1B6D384B005D0684 /* Main.storyboard in Resources */,
				52F26D121B6D384B005D0684 /* LaunchScreen.xib in Resources */,
				52F26D0F1B6D384B005D0684 /* Images.xcassets in Resources */,
			);
			runOnlyForDeploymentPostprocessing = 0;
		};
		52F26D151B6D384B005D0684 /* Resources */ = {
			isa = PBXResourcesBuildPhase;
			buildActionMask = 2147483647;
			files = (
			);
			runOnlyForDeploymentPostprocessing = 0;
		};
/* End PBXResourcesBuildPhase section */

/* Begin PBXSourcesBuildPhase section */
		52F26CFA1B6D384B005D0684 /* Sources */ = {
			isa = PBXSourcesBuildPhase;
			buildActionMask = 2147483647;
			files = (
				52F26D0A1B6D384B005D0684 /* ViewController.m in Sources */,
				52F26D071B6D384B005D0684 /* AppDelegate.m in Sources */,
				52F26D291B6D39AD005D0684 /* LocationService.m in Sources */,
				52F26D041B6D384B005D0684 /* main.m in Sources */,
			);
			runOnlyForDeploymentPostprocessing = 0;
		};
		52F26D131B6D384B005D0684 /* Sources */ = {
			isa = PBXSourcesBuildPhase;
			buildActionMask = 2147483647;
			files = (
				52F26D1E1B6D384B005D0684 /* ReserveAppTests.m in Sources */,
			);
			runOnlyForDeploymentPostprocessing = 0;
		};
/* End PBXSourcesBuildPhase section */

/* Begin PBXTargetDependency section */
		52F26D191B6D384B005D0684 /* PBXTargetDependency */ = {
			isa = PBXTargetDependency;
			target = 52F26CFD1B6D384B005D0684 /* ReserveApp */;
			targetProxy = 52F26D181B6D384B005D0684 /* PBXContainerItemProxy */;
		};
/* End PBXTargetDependency section */

/* Begin PBXVariantGroup section */
		52F26D0B1B6D384B005D0684 /* Main.storyboard */ = {
			isa = PBXVariantGroup;
			children = (
				52F26D0C1B6D384B005D0684 /* Base */,
			);
			name = Main.storyboard;
			sourceTree = "<group>";
		};
		52F26D101B6D384B005D0684 /* LaunchScreen.xib */ = {
			isa = PBXVariantGroup;
			children = (
				52F26D111B6D384B005D0684 /* Base */,
			);
			name = LaunchScreen.xib;
			sourceTree = "<group>";
		};
/* End PBXVariantGroup section */

/* Begin XCBuildConfiguration section */
		52F26D1F1B6D384B005D0684 /* Debug */ = {
			isa = XCBuildConfiguration;
			buildSettings = {
				ALWAYS_SEARCH_USER_PATHS = NO;
				CLANG_CXX_LANGUAGE_STANDARD = "gnu++0x";
				CLANG_CXX_LIBRARY = "libc++";
				CLANG_ENABLE_MODULES = YES;
				CLANG_ENABLE_OBJC_ARC = YES;
				CLANG_WARN_BOOL_CONVERSION = YES;
				CLANG_WARN_CONSTANT_CONVERSION = YES;
				CLANG_WARN_DIRECT_OBJC_ISA_USAGE = YES_ERROR;
				CLANG_WARN_EMPTY_BODY = YES;
				CLANG_WARN_ENUM_CONVERSION = YES;
				CLANG_WARN_INT_CONVERSION = YES;
				CLANG_WARN_OBJC_ROOT_CLASS = YES_ERROR;
				CLANG_WARN_UNREACHABLE_CODE = YES;
				CLANG_WARN__DUPLICATE_METHOD_MATCH = YES;
				"CODE_SIGN_IDENTITY[sdk=iphoneos*]" = "iPhone Developer";
				COPY_PHASE_STRIP = NO;
				DEBUG_INFORMATION_FORMAT = "dwarf-with-dsym";
				ENABLE_STRICT_OBJC_MSGSEND = YES;
				GCC_C_LANGUAGE_STANDARD = gnu99;
				GCC_DYNAMIC_NO_PIC = NO;
				GCC_NO_COMMON_BLOCKS = YES;
				GCC_OPTIMIZATION_LEVEL = 0;
				GCC_PREPROCESSOR_DEFINITIONS = (
					"DEBUG=1",
					"$(inherited)",
				);
				GCC_SYMBOLS_PRIVATE_EXTERN = NO;
				GCC_WARN_64_TO_32_BIT_CONVERSION = YES;
				GCC_WARN_ABOUT_RETURN_TYPE = YES_ERROR;
				GCC_WARN_UNDECLARED_SELECTOR = YES;
				GCC_WARN_UNINITIALIZED_AUTOS = YES_AGGRESSIVE;
				GCC_WARN_UNUSED_FUNCTION = YES;
				GCC_WARN_UNUSED_VARIABLE = YES;
				IPHONEOS_DEPLOYMENT_TARGET = 8.4;
				MTL_ENABLE_DEBUG_INFO = YES;
				ONLY_ACTIVE_ARCH = YES;
				SDKROOT = iphoneos;
				TARGETED_DEVICE_FAMILY = "1,2";
			};
			name = Debug;
		};
		52F26D201B6D384B005D0684 /* Release */ = {
			isa = XCBuildConfiguration;
			buildSettings = {
				ALWAYS_SEARCH_USER_PATHS = NO;
				CLANG_CXX_LANGUAGE_STANDARD = "gnu++0x";
				CLANG_CXX_LIBRARY = "libc++";
				CLANG_ENABLE_MODULES = YES;
				CLANG_ENABLE_OBJC_ARC = YES;
				CLANG_WARN_BOOL_CONVERSION = YES;
				CLANG_WARN_CONSTANT_CONVERSION = YES;
				CLANG_WARN_DIRECT_OBJC_ISA_USAGE = YES_ERROR;
				CLANG_WARN_EMPTY_BODY = YES;
				CLANG_WARN_ENUM_CONVERSION = YES;
				CLANG_WARN_INT_CONVERSION = YES;
				CLANG_WARN_OBJC_ROOT_CLASS = YES_ERROR;
				CLANG_WARN_UNREACHABLE_CODE = YES;
				CLANG_WARN__DUPLICATE_METHOD_MATCH = YES;
				"CODE_SIGN_IDENTITY[sdk=iphoneos*]" = "iPhone Developer";
				COPY_PHASE_STRIP = NO;
				DEBUG_INFORMATION_FORMAT = "dwarf-with-dsym";
				ENABLE_NS_ASSERTIONS = NO;
				ENABLE_STRICT_OBJC_MSGSEND = YES;
				GCC_C_LANGUAGE_STANDARD = gnu99;
				GCC_NO_COMMON_BLOCKS = YES;
				GCC_WARN_64_TO_32_BIT_CONVERSION = YES;
				GCC_WARN_ABOUT_RETURN_TYPE = YES_ERROR;
				GCC_WARN_UNDECLARED_SELECTOR = YES;
				GCC_WARN_UNINITIALIZED_AUTOS = YES_AGGRESSIVE;
				GCC_WARN_UNUSED_FUNCTION = YES;
				GCC_WARN_UNUSED_VARIABLE = YES;
				IPHONEOS_DEPLOYMENT_TARGET = 8.4;
				MTL_ENABLE_DEBUG_INFO = NO;
				SDKROOT = iphoneos;
				TARGETED_DEVICE_FAMILY = "1,2";
				VALIDATE_PRODUCT = YES;
			};
			name = Release;
		};
		52F26D221B6D384B005D0684 /* Debug */ = {
			isa = XCBuildConfiguration;
			buildSettings = {
				ASSETCATALOG_COMPILER_APPICON_NAME = AppIcon;
				INFOPLIST_FILE = ReserveApp/Info.plist;
				LD_RUNPATH_SEARCH_PATHS = "$(inherited) @executable_path/Frameworks";
				PRODUCT_NAME = "$(TARGET_NAME)";
			};
			name = Debug;
		};
		52F26D231B6D384B005D0684 /* Release */ = {
			isa = XCBuildConfiguration;
			buildSettings = {
				ASSETCATALOG_COMPILER_APPICON_NAME = AppIcon;
				INFOPLIST_FILE = ReserveApp/Info.plist;
				LD_RUNPATH_SEARCH_PATHS = "$(inherited) @executable_path/Frameworks";
				PRODUCT_NAME = "$(TARGET_NAME)";
			};
			name = Release;
		};
		52F26D251B6D384B005D0684 /* Debug */ = {
			isa = XCBuildConfiguration;
			buildSettings = {
				BUNDLE_LOADER = "$(TEST_HOST)";
				FRAMEWORK_SEARCH_PATHS = (
					"$(SDKROOT)/Developer/Library/Frameworks",
					"$(inherited)",
				);
				GCC_PREPROCESSOR_DEFINITIONS = (
					"DEBUG=1",
					"$(inherited)",
				);
				INFOPLIST_FILE = ReserveAppTests/Info.plist;
				LD_RUNPATH_SEARCH_PATHS = "$(inherited) @executable_path/Frameworks @loader_path/Frameworks";
				PRODUCT_NAME = "$(TARGET_NAME)";
				TEST_HOST = "$(BUILT_PRODUCTS_DIR)/ReserveApp.app/ReserveApp";
			};
			name = Debug;
		};
		52F26D261B6D384B005D0684 /* Release */ = {
			isa = XCBuildConfiguration;
			buildSettings = {
				BUNDLE_LOADER = "$(TEST_HOST)";
				FRAMEWORK_SEARCH_PATHS = (
					"$(SDKROOT)/Developer/Library/Frameworks",
					"$(inherited)",
				);
				INFOPLIST_FILE = ReserveAppTests/Info.plist;
				LD_RUNPATH_SEARCH_PATHS = "$(inherited) @executable_path/Frameworks @loader_path/Frameworks";
				PRODUCT_NAME = "$(TARGET_NAME)";
				TEST_HOST = "$(BUILT_PRODUCTS_DIR)/ReserveApp.app/ReserveApp";
			};
			name = Release;
		};
/* End XCBuildConfiguration section */

/* Begin XCConfigurationList section */
		52F26CF91B6D384B005D0684 /* Build configuration list for PBXProject "ReserveApp" */ = {
			isa = XCConfigurationList;
			buildConfigurations = (
				52F26D1F1B6D384B005D0684 /* Debug */,
				52F26D201B6D384B005D0684 /* Release */,
			);
			defaultConfigurationIsVisible = 0;
			defaultConfigurationName = Release;
		};
		52F26D211B6D384B005D0684 /* Build configuration list for PBXNativeTarget "ReserveApp" */ = {
			isa = XCConfigurationList;
			buildConfigurations = (
				52F26D221B6D384B005D0684 /* Debug */,
				52F26D231B6D384B005D0684 /* Release */,
			);
			defaultConfigurationIsVisible = 0;
		};
		52F26D241B6D384B005D0684 /* Build configuration list for PBXNativeTarget "ReserveAppTests" */ = {
			isa = XCConfigurationList;
			buildConfigurations = (
				52F26D251B6D384B005D0684 /* Debug */,
				52F26D261B6D384B005D0684 /* Release */,
			);
			defaultConfigurationIsVisible = 0;
		};
/* End XCConfigurationList section */
	};
	rootObject = 52F26CF61B6D384B005D0684 /* Project object */;
}
